// !$*UTF8*$!
{
	archiveVersion = 1;
	classes = {
	};
	objectVersion = 55;
	objects = {

/* Begin PBXBuildFile section */
		D7E237882858E82100EDB94F /* AppDelegate.swift in Sources */ = {isa = PBXBuildFile; fileRef = D7E237872858E82100EDB94F /* AppDelegate.swift */; };
		D7E2378A2858E82100EDB94F /* SceneDelegate.swift in Sources */ = {isa = PBXBuildFile; fileRef = D7E237892858E82100EDB94F /* SceneDelegate.swift */; };
		D7E2378C2858E82100EDB94F /* ViewController.swift in Sources */ = {isa = PBXBuildFile; fileRef = D7E2378B2858E82100EDB94F /* ViewController.swift */; };
		D7E2378F2858E82100EDB94F /* Main.storyboard in Resources */ = {isa = PBXBuildFile; fileRef = D7E2378D2858E82100EDB94F /* Main.storyboard */; };
		D7E237912858E82300EDB94F /* Assets.xcassets in Resources */ = {isa = PBXBuildFile; fileRef = D7E237902858E82300EDB94F /* Assets.xcassets */; };
		D7E237942858E82300EDB94F /* LaunchScreen.storyboard in Resources */ = {isa = PBXBuildFile; fileRef = D7E237922858E82300EDB94F /* LaunchScreen.storyboard */; };
		D7E237A92858E82300EDB94F /* AlgorithmsUITests.swift in Sources */ = {isa = PBXBuildFile; fileRef = D7E237A82858E82300EDB94F /* AlgorithmsUITests.swift */; };
		D7E237AB2858E82300EDB94F /* AlgorithmsUITestsLaunchTests.swift in Sources */ = {isa = PBXBuildFile; fileRef = D7E237AA2858E82300EDB94F /* AlgorithmsUITestsLaunchTests.swift */; };
		D7E237BA2858E88400EDB94F /* Kakao2017Algorithms.swift in Sources */ = {isa = PBXBuildFile; fileRef = D7E237B92858E88400EDB94F /* Kakao2017Algorithms.swift */; };
		D7E237BD2858E8AE00EDB94F /* Kakao2017AlgorithmsTests.swift in Sources */ = {isa = PBXBuildFile; fileRef = D7E237BC2858E8AE00EDB94F /* Kakao2017AlgorithmsTests.swift */; };
		D7E237C0285F65D000EDB94F /* LRUCache.swift in Sources */ = {isa = PBXBuildFile; fileRef = D7E237BF285F65D000EDB94F /* LRUCache.swift */; };
		D7E237C2285F663F00EDB94F /* String+Matches.swift in Sources */ = {isa = PBXBuildFile; fileRef = D7E237C1285F663F00EDB94F /* String+Matches.swift */; };
/* End PBXBuildFile section */

/* Begin PBXContainerItemProxy section */
		D7E2379B2858E82300EDB94F /* PBXContainerItemProxy */ = {
			isa = PBXContainerItemProxy;
			containerPortal = D7E2377C2858E82100EDB94F /* Project object */;
			proxyType = 1;
			remoteGlobalIDString = D7E237832858E82100EDB94F;
			remoteInfo = Algorithms;
		};
		D7E237A52858E82300EDB94F /* PBXContainerItemProxy */ = {
			isa = PBXContainerItemProxy;
			containerPortal = D7E2377C2858E82100EDB94F /* Project object */;
			proxyType = 1;
			remoteGlobalIDString = D7E237832858E82100EDB94F;
			remoteInfo = Algorithms;
		};
/* End PBXContainerItemProxy section */

/* Begin PBXFileReference section */
		D7E237842858E82100EDB94F /* Algorithms.app */ = {isa = PBXFileReference; explicitFileType = wrapper.application; includeInIndex = 0; path = Algorithms.app; sourceTree = BUILT_PRODUCTS_DIR; };
		D7E237872858E82100EDB94F /* AppDelegate.swift */ = {isa = PBXFileReference; lastKnownFileType = sourcecode.swift; path = AppDelegate.swift; sourceTree = "<group>"; };
		D7E237892858E82100EDB94F /* SceneDelegate.swift */ = {isa = PBXFileReference; lastKnownFileType = sourcecode.swift; path = SceneDelegate.swift; sourceTree = "<group>"; };
		D7E2378B2858E82100EDB94F /* ViewController.swift */ = {isa = PBXFileReference; lastKnownFileType = sourcecode.swift; path = ViewController.swift; sourceTree = "<group>"; };
		D7E2378E2858E82100EDB94F /* Base */ = {isa = PBXFileReference; lastKnownFileType = file.storyboard; name = Base; path = Base.lproj/Main.storyboard; sourceTree = "<group>"; };
		D7E237902858E82300EDB94F /* Assets.xcassets */ = {isa = PBXFileReference; lastKnownFileType = folder.assetcatalog; path = Assets.xcassets; sourceTree = "<group>"; };
		D7E237932858E82300EDB94F /* Base */ = {isa = PBXFileReference; lastKnownFileType = file.storyboard; name = Base; path = Base.lproj/LaunchScreen.storyboard; sourceTree = "<group>"; };
		D7E237952858E82300EDB94F /* Info.plist */ = {isa = PBXFileReference; lastKnownFileType = text.plist.xml; path = Info.plist; sourceTree = "<group>"; };
		D7E2379A2858E82300EDB94F /* AlgorithmsTests.xctest */ = {isa = PBXFileReference; explicitFileType = wrapper.cfbundle; includeInIndex = 0; path = AlgorithmsTests.xctest; sourceTree = BUILT_PRODUCTS_DIR; };
		D7E237A42858E82300EDB94F /* AlgorithmsUITests.xctest */ = {isa = PBXFileReference; explicitFileType = wrapper.cfbundle; includeInIndex = 0; path = AlgorithmsUITests.xctest; sourceTree = BUILT_PRODUCTS_DIR; };
		D7E237A82858E82300EDB94F /* AlgorithmsUITests.swift */ = {isa = PBXFileReference; lastKnownFileType = sourcecode.swift; path = AlgorithmsUITests.swift; sourceTree = "<group>"; };
		D7E237AA2858E82300EDB94F /* AlgorithmsUITestsLaunchTests.swift */ = {isa = PBXFileReference; lastKnownFileType = sourcecode.swift; path = AlgorithmsUITestsLaunchTests.swift; sourceTree = "<group>"; };
		D7E237B92858E88400EDB94F /* Kakao2017Algorithms.swift */ = {isa = PBXFileReference; lastKnownFileType = sourcecode.swift; path = Kakao2017Algorithms.swift; sourceTree = "<group>"; };
		D7E237BC2858E8AE00EDB94F /* Kakao2017AlgorithmsTests.swift */ = {isa = PBXFileReference; lastKnownFileType = sourcecode.swift; path = Kakao2017AlgorithmsTests.swift; sourceTree = "<group>"; };
		D7E237BF285F65D000EDB94F /* LRUCache.swift */ = {isa = PBXFileReference; lastKnownFileType = sourcecode.swift; path = LRUCache.swift; sourceTree = "<group>"; };
		D7E237C1285F663F00EDB94F /* String+Matches.swift */ = {isa = PBXFileReference; lastKnownFileType = sourcecode.swift; path = "String+Matches.swift"; sourceTree = "<group>"; };
/* End PBXFileReference section */

/* Begin PBXFrameworksBuildPhase section */
		D7E237812858E82100EDB94F /* Frameworks */ = {
			isa = PBXFrameworksBuildPhase;
			buildActionMask = 2147483647;
			files = (
			);
			runOnlyForDeploymentPostprocessing = 0;
		};
		D7E237972858E82300EDB94F /* Frameworks */ = {
			isa = PBXFrameworksBuildPhase;
			buildActionMask = 2147483647;
			files = (
			);
			runOnlyForDeploymentPostprocessing = 0;
		};
		D7E237A12858E82300EDB94F /* Frameworks */ = {
			isa = PBXFrameworksBuildPhase;
			buildActionMask = 2147483647;
			files = (
			);
			runOnlyForDeploymentPostprocessing = 0;
		};
/* End PBXFrameworksBuildPhase section */

/* Begin PBXGroup section */
		D7E2377B2858E82100EDB94F = {
			isa = PBXGroup;
			children = (
				D7E237862858E82100EDB94F /* Algorithms */,
				D7E2379D2858E82300EDB94F /* AlgorithmsTests */,
				D7E237A72858E82300EDB94F /* AlgorithmsUITests */,
				D7E237852858E82100EDB94F /* Products */,
			);
			sourceTree = "<group>";
		};
		D7E237852858E82100EDB94F /* Products */ = {
			isa = PBXGroup;
			children = (
				D7E237842858E82100EDB94F /* Algorithms.app */,
				D7E2379A2858E82300EDB94F /* AlgorithmsTests.xctest */,
				D7E237A42858E82300EDB94F /* AlgorithmsUITests.xctest */,
			);
			name = Products;
			sourceTree = "<group>";
		};
		D7E237862858E82100EDB94F /* Algorithms */ = {
			isa = PBXGroup;
			children = (
				D7E237B72858E82C00EDB94F /* Kakao */,
				D7E237872858E82100EDB94F /* AppDelegate.swift */,
				D7E237892858E82100EDB94F /* SceneDelegate.swift */,
				D7E2378B2858E82100EDB94F /* ViewController.swift */,
				D7E2378D2858E82100EDB94F /* Main.storyboard */,
				D7E237902858E82300EDB94F /* Assets.xcassets */,
				D7E237922858E82300EDB94F /* LaunchScreen.storyboard */,
				D7E237952858E82300EDB94F /* Info.plist */,
			);
			path = Algorithms;
			sourceTree = "<group>";
		};
		D7E2379D2858E82300EDB94F /* AlgorithmsTests */ = {
			isa = PBXGroup;
			children = (
				D7E237BC2858E8AE00EDB94F /* Kakao2017AlgorithmsTests.swift */,
			);
			path = AlgorithmsTests;
			sourceTree = "<group>";
		};
		D7E237A72858E82300EDB94F /* AlgorithmsUITests */ = {
			isa = PBXGroup;
			children = (
				D7E237A82858E82300EDB94F /* AlgorithmsUITests.swift */,
				D7E237AA2858E82300EDB94F /* AlgorithmsUITestsLaunchTests.swift */,
			);
			path = AlgorithmsUITests;
			sourceTree = "<group>";
		};
		D7E237B72858E82C00EDB94F /* Kakao */ = {
			isa = PBXGroup;
			children = (
				D7E237BE285F65C600EDB94F /* 2017 */,
			);
			path = Kakao;
			sourceTree = "<group>";
		};
		D7E237BE285F65C600EDB94F /* 2017 */ = {
			isa = PBXGroup;
			children = (
				D7E237BF285F65D000EDB94F /* LRUCache.swift */,
				D7E237C1285F663F00EDB94F /* String+Matches.swift */,
				D7E237B92858E88400EDB94F /* Kakao2017Algorithms.swift */,
			);
			path = 2017;
			sourceTree = "<group>";
		};
/* End PBXGroup section */

/* Begin PBXNativeTarget section */
		D7E237832858E82100EDB94F /* Algorithms */ = {
			isa = PBXNativeTarget;
			buildConfigurationList = D7E237AE2858E82300EDB94F /* Build configuration list for PBXNativeTarget "Algorithms" */;
			buildPhases = (
				D7E237802858E82100EDB94F /* Sources */,
				D7E237812858E82100EDB94F /* Frameworks */,
				D7E237822858E82100EDB94F /* Resources */,
			);
			buildRules = (
			);
			dependencies = (
			);
			name = Algorithms;
			productName = Algorithms;
			productReference = D7E237842858E82100EDB94F /* Algorithms.app */;
			productType = "com.apple.product-type.application";
		};
		D7E237992858E82300EDB94F /* AlgorithmsTests */ = {
			isa = PBXNativeTarget;
			buildConfigurationList = D7E237B12858E82300EDB94F /* Build configuration list for PBXNativeTarget "AlgorithmsTests" */;
			buildPhases = (
				D7E237962858E82300EDB94F /* Sources */,
				D7E237972858E82300EDB94F /* Frameworks */,
				D7E237982858E82300EDB94F /* Resources */,
			);
			buildRules = (
			);
			dependencies = (
				D7E2379C2858E82300EDB94F /* PBXTargetDependency */,
			);
			name = AlgorithmsTests;
			productName = AlgorithmsTests;
			productReference = D7E2379A2858E82300EDB94F /* AlgorithmsTests.xctest */;
			productType = "com.apple.product-type.bundle.unit-test";
		};
		D7E237A32858E82300EDB94F /* AlgorithmsUITests */ = {
			isa = PBXNativeTarget;
			buildConfigurationList = D7E237B42858E82300EDB94F /* Build configuration list for PBXNativeTarget "AlgorithmsUITests" */;
			buildPhases = (
				D7E237A02858E82300EDB94F /* Sources */,
				D7E237A12858E82300EDB94F /* Frameworks */,
				D7E237A22858E82300EDB94F /* Resources */,
			);
			buildRules = (
			);
			dependencies = (
				D7E237A62858E82300EDB94F /* PBXTargetDependency */,
			);
			name = AlgorithmsUITests;
			productName = AlgorithmsUITests;
			productReference = D7E237A42858E82300EDB94F /* AlgorithmsUITests.xctest */;
			productType = "com.apple.product-type.bundle.ui-testing";
		};
/* End PBXNativeTarget section */

/* Begin PBXProject section */
		D7E2377C2858E82100EDB94F /* Project object */ = {
			isa = PBXProject;
			attributes = {
				BuildIndependentTargetsInParallel = 1;
				LastSwiftUpdateCheck = 1320;
				LastUpgradeCheck = 1320;
				TargetAttributes = {
					D7E237832858E82100EDB94F = {
						CreatedOnToolsVersion = 13.2.1;
					};
					D7E237992858E82300EDB94F = {
						CreatedOnToolsVersion = 13.2.1;
						TestTargetID = D7E237832858E82100EDB94F;
					};
					D7E237A32858E82300EDB94F = {
						CreatedOnToolsVersion = 13.2.1;
						TestTargetID = D7E237832858E82100EDB94F;
					};
				};
			};
			buildConfigurationList = D7E2377F2858E82100EDB94F /* Build configuration list for PBXProject "Algorithms" */;
			compatibilityVersion = "Xcode 13.0";
			developmentRegion = en;
			hasScannedForEncodings = 0;
			knownRegions = (
				en,
				Base,
			);
			mainGroup = D7E2377B2858E82100EDB94F;
			productRefGroup = D7E237852858E82100EDB94F /* Products */;
			projectDirPath = "";
			projectRoot = "";
			targets = (
				D7E237832858E82100EDB94F /* Algorithms */,
				D7E237992858E82300EDB94F /* AlgorithmsTests */,
				D7E237A32858E82300EDB94F /* AlgorithmsUITests */,
			);
		};
/* End PBXProject section */

/* Begin PBXResourcesBuildPhase section */
		D7E237822858E82100EDB94F /* Resources */ = {
			isa = PBXResourcesBuildPhase;
			buildActionMask = 2147483647;
			files = (
				D7E237942858E82300EDB94F /* LaunchScreen.storyboard in Resources */,
				D7E237912858E82300EDB94F /* Assets.xcassets in Resources */,
				D7E2378F2858E82100EDB94F /* Main.storyboard in Resources */,
			);
			runOnlyForDeploymentPostprocessing = 0;
		};
		D7E237982858E82300EDB94F /* Resources */ = {
			isa = PBXResourcesBuildPhase;
			buildActionMask = 2147483647;
			files = (
			);
			runOnlyForDeploymentPostprocessing = 0;
		};
		D7E237A22858E82300EDB94F /* Resources */ = {
			isa = PBXResourcesBuildPhase;
			buildActionMask = 2147483647;
			files = (
			);
			runOnlyForDeploymentPostprocessing = 0;
		};
/* End PBXResourcesBuildPhase section */

/* Begin PBXSourcesBuildPhase section */
		D7E237802858E82100EDB94F /* Sources */ = {
			isa = PBXSourcesBuildPhase;
			buildActionMask = 2147483647;
			files = (
				D7E2378C2858E82100EDB94F /* ViewController.swift in Sources */,
				D7E237882858E82100EDB94F /* AppDelegate.swift in Sources */,
				D7E2378A2858E82100EDB94F /* SceneDelegate.swift in Sources */,
				D7E237C0285F65D000EDB94F /* LRUCache.swift in Sources */,
				D7E237C2285F663F00EDB94F /* String+Matches.swift in Sources */,
				D7E237BA2858E88400EDB94F /* Kakao2017Algorithms.swift in Sources */,
			);
			runOnlyForDeploymentPostprocessing = 0;
		};
		D7E237962858E82300EDB94F /* Sources */ = {
			isa = PBXSourcesBuildPhase;
			buildActionMask = 2147483647;
			files = (
				D7E237BD2858E8AE00EDB94F /* Kakao2017AlgorithmsTests.swift in Sources */,
			);
			runOnlyForDeploymentPostprocessing = 0;
		};
		D7E237A02858E82300EDB94F /* Sources */ = {
			isa = PBXSourcesBuildPhase;
			buildActionMask = 2147483647;
			files = (
				D7E237AB2858E82300EDB94F /* AlgorithmsUITestsLaunchTests.swift in Sources */,
				D7E237A92858E82300EDB94F /* AlgorithmsUITests.swift in Sources */,
			);
			runOnlyForDeploymentPostprocessing = 0;
		};
/* End PBXSourcesBuildPhase section */

/* Begin PBXTargetDependency section */
		D7E2379C2858E82300EDB94F /* PBXTargetDependency */ = {
			isa = PBXTargetDependency;
			target = D7E237832858E82100EDB94F /* Algorithms */;
			targetProxy = D7E2379B2858E82300EDB94F /* PBXContainerItemProxy */;
		};
		D7E237A62858E82300EDB94F /* PBXTargetDependency */ = {
			isa = PBXTargetDependency;
			target = D7E237832858E82100EDB94F /* Algorithms */;
			targetProxy = D7E237A52858E82300EDB94F /* PBXContainerItemProxy */;
		};
/* End PBXTargetDependency section */

/* Begin PBXVariantGroup section */
		D7E2378D2858E82100EDB94F /* Main.storyboard */ = {
			isa = PBXVariantGroup;
			children = (
				D7E2378E2858E82100EDB94F /* Base */,
			);
			name = Main.storyboard;
			sourceTree = "<group>";
		};
		D7E237922858E82300EDB94F /* LaunchScreen.storyboard */ = {
			isa = PBXVariantGroup;
			children = (
				D7E237932858E82300EDB94F /* Base */,
			);
			name = LaunchScreen.storyboard;
			sourceTree = "<group>";
		};
/* End PBXVariantGroup section */

/* Begin XCBuildConfiguration section */
		D7E237AC2858E82300EDB94F /* Debug */ = {
			isa = XCBuildConfiguration;
			buildSettings = {
				ALWAYS_SEARCH_USER_PATHS = NO;
				CLANG_ANALYZER_NONNULL = YES;
				CLANG_ANALYZER_NUMBER_OBJECT_CONVERSION = YES_AGGRESSIVE;
				CLANG_CXX_LANGUAGE_STANDARD = "gnu++17";
				CLANG_CXX_LIBRARY = "libc++";
				CLANG_ENABLE_MODULES = YES;
				CLANG_ENABLE_OBJC_ARC = YES;
				CLANG_ENABLE_OBJC_WEAK = YES;
				CLANG_WARN_BLOCK_CAPTURE_AUTORELEASING = YES;
				CLANG_WARN_BOOL_CONVERSION = YES;
				CLANG_WARN_COMMA = YES;
				CLANG_WARN_CONSTANT_CONVERSION = YES;
				CLANG_WARN_DEPRECATED_OBJC_IMPLEMENTATIONS = YES;
				CLANG_WARN_DIRECT_OBJC_ISA_USAGE = YES_ERROR;
				CLANG_WARN_DOCUMENTATION_COMMENTS = YES;
				CLANG_WARN_EMPTY_BODY = YES;
				CLANG_WARN_ENUM_CONVERSION = YES;
				CLANG_WARN_INFINITE_RECURSION = YES;
				CLANG_WARN_INT_CONVERSION = YES;
				CLANG_WARN_NON_LITERAL_NULL_CONVERSION = YES;
				CLANG_WARN_OBJC_IMPLICIT_RETAIN_SELF = YES;
				CLANG_WARN_OBJC_LITERAL_CONVERSION = YES;
				CLANG_WARN_OBJC_ROOT_CLASS = YES_ERROR;
				CLANG_WARN_QUOTED_INCLUDE_IN_FRAMEWORK_HEADER = YES;
				CLANG_WARN_RANGE_LOOP_ANALYSIS = YES;
				CLANG_WARN_STRICT_PROTOTYPES = YES;
				CLANG_WARN_SUSPICIOUS_MOVE = YES;
				CLANG_WARN_UNGUARDED_AVAILABILITY = YES_AGGRESSIVE;
				CLANG_WARN_UNREACHABLE_CODE = YES;
				CLANG_WARN__DUPLICATE_METHOD_MATCH = YES;
				COPY_PHASE_STRIP = NO;
				DEBUG_INFORMATION_FORMAT = dwarf;
				ENABLE_STRICT_OBJC_MSGSEND = YES;
				ENABLE_TESTABILITY = YES;
				GCC_C_LANGUAGE_STANDARD = gnu11;
				GCC_DYNAMIC_NO_PIC = NO;
				GCC_NO_COMMON_BLOCKS = YES;
				GCC_OPTIMIZATION_LEVEL = 0;
				GCC_PREPROCESSOR_DEFINITIONS = (
					"DEBUG=1",
					"$(inherited)",
				);
				GCC_WARN_64_TO_32_BIT_CONVERSION = YES;
				GCC_WARN_ABOUT_RETURN_TYPE = YES_ERROR;
				GCC_WARN_UNDECLARED_SELECTOR = YES;
				GCC_WARN_UNINITIALIZED_AUTOS = YES_AGGRESSIVE;
				GCC_WARN_UNUSED_FUNCTION = YES;
				GCC_WARN_UNUSED_VARIABLE = YES;
				IPHONEOS_DEPLOYMENT_TARGET = 15.2;
				MTL_ENABLE_DEBUG_INFO = INCLUDE_SOURCE;
				MTL_FAST_MATH = YES;
				ONLY_ACTIVE_ARCH = YES;
				SDKROOT = iphoneos;
				SWIFT_ACTIVE_COMPILATION_CONDITIONS = DEBUG;
				SWIFT_OPTIMIZATION_LEVEL = "-Onone";
			};
			name = Debug;
		};
		D7E237AD2858E82300EDB94F /* Release */ = {
			isa = XCBuildConfiguration;
			buildSettings = {
				ALWAYS_SEARCH_USER_PATHS = NO;
				CLANG_ANALYZER_NONNULL = YES;
				CLANG_ANALYZER_NUMBER_OBJECT_CONVERSION = YES_AGGRESSIVE;
				CLANG_CXX_LANGUAGE_STANDARD = "gnu++17";
				CLANG_CXX_LIBRARY = "libc++";
				CLANG_ENABLE_MODULES = YES;
				CLANG_ENABLE_OBJC_ARC = YES;
				CLANG_ENABLE_OBJC_WEAK = YES;
				CLANG_WARN_BLOCK_CAPTURE_AUTORELEASING = YES;
				CLANG_WARN_BOOL_CONVERSION = YES;
				CLANG_WARN_COMMA = YES;
				CLANG_WARN_CONSTANT_CONVERSION = YES;
				CLANG_WARN_DEPRECATED_OBJC_IMPLEMENTATIONS = YES;
				CLANG_WARN_DIRECT_OBJC_ISA_USAGE = YES_ERROR;
				CLANG_WARN_DOCUMENTATION_COMMENTS = YES;
				CLANG_WARN_EMPTY_BODY = YES;
				CLANG_WARN_ENUM_CONVERSION = YES;
				CLANG_WARN_INFINITE_RECURSION = YES;
				CLANG_WARN_INT_CONVERSION = YES;
				CLANG_WARN_NON_LITERAL_NULL_CONVERSION = YES;
				CLANG_WARN_OBJC_IMPLICIT_RETAIN_SELF = YES;
				CLANG_WARN_OBJC_LITERAL_CONVERSION = YES;
				CLANG_WARN_OBJC_ROOT_CLASS = YES_ERROR;
				CLANG_WARN_QUOTED_INCLUDE_IN_FRAMEWORK_HEADER = YES;
				CLANG_WARN_RANGE_LOOP_ANALYSIS = YES;
				CLANG_WARN_STRICT_PROTOTYPES = YES;
				CLANG_WARN_SUSPICIOUS_MOVE = YES;
				CLANG_WARN_UNGUARDED_AVAILABILITY = YES_AGGRESSIVE;
				CLANG_WARN_UNREACHABLE_CODE = YES;
				CLANG_WARN__DUPLICATE_METHOD_MATCH = YES;
				COPY_PHASE_STRIP = NO;
				DEBUG_INFORMATION_FORMAT = "dwarf-with-dsym";
				ENABLE_NS_ASSERTIONS = NO;
				ENABLE_STRICT_OBJC_MSGSEND = YES;
				GCC_C_LANGUAGE_STANDARD = gnu11;
				GCC_NO_COMMON_BLOCKS = YES;
				GCC_WARN_64_TO_32_BIT_CONVERSION = YES;
				GCC_WARN_ABOUT_RETURN_TYPE = YES_ERROR;
				GCC_WARN_UNDECLARED_SELECTOR = YES;
				GCC_WARN_UNINITIALIZED_AUTOS = YES_AGGRESSIVE;
				GCC_WARN_UNUSED_FUNCTION = YES;
				GCC_WARN_UNUSED_VARIABLE = YES;
				IPHONEOS_DEPLOYMENT_TARGET = 15.2;
				MTL_ENABLE_DEBUG_INFO = NO;
				MTL_FAST_MATH = YES;
				SDKROOT = iphoneos;
				SWIFT_COMPILATION_MODE = wholemodule;
				SWIFT_OPTIMIZATION_LEVEL = "-O";
				VALIDATE_PRODUCT = YES;
			};
			name = Release;
		};
		D7E237AF2858E82300EDB94F /* Debug */ = {
			isa = XCBuildConfiguration;
			buildSettings = {
				ASSETCATALOG_COMPILER_APPICON_NAME = AppIcon;
				ASSETCATALOG_COMPILER_GLOBAL_ACCENT_COLOR_NAME = AccentColor;
				CODE_SIGN_STYLE = Automatic;
				CURRENT_PROJECT_VERSION = 1;
				DEVELOPMENT_TEAM = HSD25A6VPH;
				GENERATE_INFOPLIST_FILE = YES;
				INFOPLIST_FILE = Algorithms/Info.plist;
				INFOPLIST_KEY_UIApplicationSupportsIndirectInputEvents = YES;
				INFOPLIST_KEY_UILaunchStoryboardName = LaunchScreen;
				INFOPLIST_KEY_UIMainStoryboardFile = Main;
				INFOPLIST_KEY_UISupportedInterfaceOrientations_iPad = "UIInterfaceOrientationPortrait UIInterfaceOrientationPortraitUpsideDown UIInterfaceOrientationLandscapeLeft UIInterfaceOrientationLandscapeRight";
				INFOPLIST_KEY_UISupportedInterfaceOrientations_iPhone = "UIInterfaceOrientationPortrait UIInterfaceOrientationLandscapeLeft UIInterfaceOrientationLandscapeRight";
				LD_RUNPATH_SEARCH_PATHS = (
					"$(inherited)",
					"@executable_path/Frameworks",
				);
				MARKETING_VERSION = 1.0;
				PRODUCT_BUNDLE_IDENTIFIER = com.sungwon.Algorithms;
				PRODUCT_NAME = "$(TARGET_NAME)";
				SWIFT_EMIT_LOC_STRINGS = YES;
				SWIFT_VERSION = 5.0;
				TARGETED_DEVICE_FAMILY = "1,2";
			};
			name = Debug;
		};
		D7E237B02858E82300EDB94F /* Release */ = {
			isa = XCBuildConfiguration;
			buildSettings = {
				ASSETCATALOG_COMPILER_APPICON_NAME = AppIcon;
				ASSETCATALOG_COMPILER_GLOBAL_ACCENT_COLOR_NAME = AccentColor;
				CODE_SIGN_STYLE = Automatic;
				CURRENT_PROJECT_VERSION = 1;
				DEVELOPMENT_TEAM = HSD25A6VPH;
				GENERATE_INFOPLIST_FILE = YES;
				INFOPLIST_FILE = Algorithms/Info.plist;
				INFOPLIST_KEY_UIApplicationSupportsIndirectInputEvents = YES;
				INFOPLIST_KEY_UILaunchStoryboardName = LaunchScreen;
				INFOPLIST_KEY_UIMainStoryboardFile = Main;
				INFOPLIST_KEY_UISupportedInterfaceOrientations_iPad = "UIInterfaceOrientationPortrait UIInterfaceOrientationPortraitUpsideDown UIInterfaceOrientationLandscapeLeft UIInterfaceOrientationLandscapeRight";
				INFOPLIST_KEY_UISupportedInterfaceOrientations_iPhone = "UIInterfaceOrientationPortrait UIInterfaceOrientationLandscapeLeft UIInterfaceOrientationLandscapeRight";
				LD_RUNPATH_SEARCH_PATHS = (
					"$(inherited)",
					"@executable_path/Frameworks",
				);
				MARKETING_VERSION = 1.0;
				PRODUCT_BUNDLE_IDENTIFIER = com.sungwon.Algorithms;
				PRODUCT_NAME = "$(TARGET_NAME)";
				SWIFT_EMIT_LOC_STRINGS = YES;
				SWIFT_VERSION = 5.0;
				TARGETED_DEVICE_FAMILY = "1,2";
			};
			name = Release;
		};
		D7E237B22858E82300EDB94F /* Debug */ = {
			isa = XCBuildConfiguration;
			buildSettings = {
				ALWAYS_EMBED_SWIFT_STANDARD_LIBRARIES = YES;
				BUNDLE_LOADER = "$(TEST_HOST)";
				CODE_SIGN_STYLE = Automatic;
				CURRENT_PROJECT_VERSION = 1;
				DEVELOPMENT_TEAM = HSD25A6VPH;
				GENERATE_INFOPLIST_FILE = YES;
				IPHONEOS_DEPLOYMENT_TARGET = 15.2;
				MARKETING_VERSION = 1.0;
				PRODUCT_BUNDLE_IDENTIFIER = com.sungwon.AlgorithmsTests;
				PRODUCT_NAME = "$(TARGET_NAME)";
				SWIFT_EMIT_LOC_STRINGS = NO;
				SWIFT_VERSION = 5.0;
				TARGETED_DEVICE_FAMILY = "1,2";
				TEST_HOST = "$(BUILT_PRODUCTS_DIR)/Algorithms.app/Algorithms";
			};
			name = Debug;
		};
		D7E237B32858E82300EDB94F /* Release */ = {
			isa = XCBuildConfiguration;
			buildSettings = {
				ALWAYS_EMBED_SWIFT_STANDARD_LIBRARIES = YES;
				BUNDLE_LOADER = "$(TEST_HOST)";
				CODE_SIGN_STYLE = Automatic;
				CURRENT_PROJECT_VERSION = 1;
				DEVELOPMENT_TEAM = HSD25A6VPH;
				GENERATE_INFOPLIST_FILE = YES;
				IPHONEOS_DEPLOYMENT_TARGET = 15.2;
				MARKETING_VERSION = 1.0;
				PRODUCT_BUNDLE_IDENTIFIER = com.sungwon.AlgorithmsTests;
				PRODUCT_NAME = "$(TARGET_NAME)";
				SWIFT_EMIT_LOC_STRINGS = NO;
				SWIFT_VERSION = 5.0;
				TARGETED_DEVICE_FAMILY = "1,2";
				TEST_HOST = "$(BUILT_PRODUCTS_DIR)/Algorithms.app/Algorithms";
			};
			name = Release;
		};
		D7E237B52858E82300EDB94F /* Debug */ = {
			isa = XCBuildConfiguration;
			buildSettings = {
				ALWAYS_EMBED_SWIFT_STANDARD_LIBRARIES = YES;
				CODE_SIGN_STYLE = Automatic;
				CURRENT_PROJECT_VERSION = 1;
				DEVELOPMENT_TEAM = HSD25A6VPH;
				GENERATE_INFOPLIST_FILE = YES;
				MARKETING_VERSION = 1.0;
				PRODUCT_BUNDLE_IDENTIFIER = com.sungwon.AlgorithmsUITests;
				PRODUCT_NAME = "$(TARGET_NAME)";
				SWIFT_EMIT_LOC_STRINGS = NO;
				SWIFT_VERSION = 5.0;
				TARGETED_DEVICE_FAMILY = "1,2";
				TEST_TARGET_NAME = Algorithms;
			};
			name = Debug;
		};
		D7E237B62858E82300EDB94F /* Release */ = {
			isa = XCBuildConfiguration;
			buildSettings = {
				ALWAYS_EMBED_SWIFT_STANDARD_LIBRARIES = YES;
				CODE_SIGN_STYLE = Automatic;
				CURRENT_PROJECT_VERSION = 1;
				DEVELOPMENT_TEAM = HSD25A6VPH;
				GENERATE_INFOPLIST_FILE = YES;
				MARKETING_VERSION = 1.0;
				PRODUCT_BUNDLE_IDENTIFIER = com.sungwon.AlgorithmsUITests;
				PRODUCT_NAME = "$(TARGET_NAME)";
				SWIFT_EMIT_LOC_STRINGS = NO;
				SWIFT_VERSION = 5.0;
				TARGETED_DEVICE_FAMILY = "1,2";
				TEST_TARGET_NAME = Algorithms;
			};
			name = Release;
		};
/* End XCBuildConfiguration section */

/* Begin XCConfigurationList section */
		D7E2377F2858E82100EDB94F /* Build configuration list for PBXProject "Algorithms" */ = {
			isa = XCConfigurationList;
			buildConfigurations = (
				D7E237AC2858E82300EDB94F /* Debug */,
				D7E237AD2858E82300EDB94F /* Release */,
			);
			defaultConfigurationIsVisible = 0;
			defaultConfigurationName = Release;
		};
		D7E237AE2858E82300EDB94F /* Build configuration list for PBXNativeTarget "Algorithms" */ = {
			isa = XCConfigurationList;
			buildConfigurations = (
				D7E237AF2858E82300EDB94F /* Debug */,
				D7E237B02858E82300EDB94F /* Release */,
			);
			defaultConfigurationIsVisible = 0;
			defaultConfigurationName = Release;
		};
		D7E237B12858E82300EDB94F /* Build configuration list for PBXNativeTarget "AlgorithmsTests" */ = {
			isa = XCConfigurationList;
			buildConfigurations = (
				D7E237B22858E82300EDB94F /* Debug */,
				D7E237B32858E82300EDB94F /* Release */,
			);
			defaultConfigurationIsVisible = 0;
			defaultConfigurationName = Release;
		};
		D7E237B42858E82300EDB94F /* Build configuration list for PBXNativeTarget "AlgorithmsUITests" */ = {
			isa = XCConfigurationList;
			buildConfigurations = (
				D7E237B52858E82300EDB94F /* Debug */,
				D7E237B62858E82300EDB94F /* Release */,
			);
			defaultConfigurationIsVisible = 0;
			defaultConfigurationName = Release;
		};
/* End XCConfigurationList section */
	};
	rootObject = D7E2377C2858E82100EDB94F /* Project object */;
}
